
Microsoft Visual Studio Solution File, Format Version 12.00
# Visual Studio 15
VisualStudioVersion = 15.0.26430.14
MinimumVisualStudioVersion = 10.0.40219.1
Project("{9A19103F-16F7-4668-BE54-9A1E7A4F7556}") = "Relync2", "Relync2\Relync2.csproj", "{7307A0C3-4AFE-4FDC-89A5-FD66B7EB519F}"
EndProject
Global
	GlobalSection(SolutionConfigurationPlatforms) = preSolution
		Debug|Any CPU = Debug|Any CPU
		Release|Any CPU = Release|Any CPU
	EndGlobalSection
	GlobalSection(ProjectConfigurationPlatforms) = postSolution
		{7307A0C3-4AFE-4FDC-89A5-FD66B7EB519F}.Debug|Any CPU.ActiveCfg = Debug|Any CPU
		{7307A0C3-4AFE-4FDC-89A5-FD66B7EB519F}.Debug|Any CPU.Build.0 = Debug|Any CPU
		{7307A0C3-4AFE-4FDC-89A5-FD66B7EB519F}.Release|Any CPU.ActiveCfg = Release|Any CPU
		{7307A0C3-4AFE-4FDC-89A5-FD66B7EB519F}.Release|Any CPU.Build.0 = Release|Any CPU
	EndGlobalSection
	GlobalSection(SolutionProperties) = preSolution
		HideSolutionNode = FALSE
	EndGlobalSection
EndGlobal
